// !$*UTF8*$!
{
	archiveVersion = 1;
	classes = {
	};
	objectVersion = 50;
	objects = {

/* Begin PBXBuildFile section */
		AFF625E0221AD1A800B427E2 /* AppDelegate.swift in Sources */ = {isa = PBXBuildFile; fileRef = AFF625DF221AD1A800B427E2 /* AppDelegate.swift */; };
		AFF625E2221AD1A800B427E2 /* ViewController.swift in Sources */ = {isa = PBXBuildFile; fileRef = AFF625E1221AD1A800B427E2 /* ViewController.swift */; };
		AFF625E5221AD1A800B427E2 /* Main.storyboard in Resources */ = {isa = PBXBuildFile; fileRef = AFF625E3221AD1A800B427E2 /* Main.storyboard */; };
		AFF625E7221AD1A900B427E2 /* Assets.xcassets in Resources */ = {isa = PBXBuildFile; fileRef = AFF625E6221AD1A900B427E2 /* Assets.xcassets */; };
		AFF625EA221AD1A900B427E2 /* LaunchScreen.storyboard in Resources */ = {isa = PBXBuildFile; fileRef = AFF625E8221AD1A900B427E2 /* LaunchScreen.storyboard */; };
		AFF625F5221AD1A900B427E2 /* HelloTestTests.swift in Sources */ = {isa = PBXBuildFile; fileRef = AFF625F4221AD1A900B427E2 /* HelloTestTests.swift */; };
		AFF62600221AD1A900B427E2 /* HelloTestUITests.swift in Sources */ = {isa = PBXBuildFile; fileRef = AFF625FF221AD1A900B427E2 /* HelloTestUITests.swift */; };
/* End PBXBuildFile section */

/* Begin PBXContainerItemProxy section */
		AFF625F1221AD1A900B427E2 /* PBXContainerItemProxy */ = {
			isa = PBXContainerItemProxy;
			containerPortal = AFF625D4221AD1A800B427E2 /* Project object */;
			proxyType = 1;
			remoteGlobalIDString = AFF625DB221AD1A800B427E2;
			remoteInfo = HelloTest;
		};
		AFF625FC221AD1A900B427E2 /* PBXContainerItemProxy */ = {
			isa = PBXContainerItemProxy;
			containerPortal = AFF625D4221AD1A800B427E2 /* Project object */;
			proxyType = 1;
			remoteGlobalIDString = AFF625DB221AD1A800B427E2;
			remoteInfo = HelloTest;
		};
/* End PBXContainerItemProxy section */

/* Begin PBXFileReference section */
		AFF625DC221AD1A800B427E2 /* HelloTest.app */ = {isa = PBXFileReference; explicitFileType = wrapper.application; includeInIndex = 0; path = HelloTest.app; sourceTree = BUILT_PRODUCTS_DIR; };
		AFF625DF221AD1A800B427E2 /* AppDelegate.swift */ = {isa = PBXFileReference; lastKnownFileType = sourcecode.swift; path = AppDelegate.swift; sourceTree = "<group>"; };
		AFF625E1221AD1A800B427E2 /* ViewController.swift */ = {isa = PBXFileReference; lastKnownFileType = sourcecode.swift; path = ViewController.swift; sourceTree = "<group>"; };
		AFF625E4221AD1A800B427E2 /* Base */ = {isa = PBXFileReference; lastKnownFileType = file.storyboard; name = Base; path = Base.lproj/Main.storyboard; sourceTree = "<group>"; };
		AFF625E6221AD1A900B427E2 /* Assets.xcassets */ = {isa = PBXFileReference; lastKnownFileType = folder.assetcatalog; path = Assets.xcassets; sourceTree = "<group>"; };
		AFF625E9221AD1A900B427E2 /* Base */ = {isa = PBXFileReference; lastKnownFileType = file.storyboard; name = Base; path = Base.lproj/LaunchScreen.storyboard; sourceTree = "<group>"; };
		AFF625EB221AD1A900B427E2 /* Info.plist */ = {isa = PBXFileReference; lastKnownFileType = text.plist.xml; path = Info.plist; sourceTree = "<group>"; };
		AFF625F0221AD1A900B427E2 /* HelloTestTests.xctest */ = {isa = PBXFileReference; explicitFileType = wrapper.cfbundle; includeInIndex = 0; path = HelloTestTests.xctest; sourceTree = BUILT_PRODUCTS_DIR; };
		AFF625F4221AD1A900B427E2 /* HelloTestTests.swift */ = {isa = PBXFileReference; lastKnownFileType = sourcecode.swift; path = HelloTestTests.swift; sourceTree = "<group>"; };
		AFF625F6221AD1A900B427E2 /* Info.plist */ = {isa = PBXFileReference; lastKnownFileType = text.plist.xml; path = Info.plist; sourceTree = "<group>"; };
		AFF625FB221AD1A900B427E2 /* HelloTestUITests.xctest */ = {isa = PBXFileReference; explicitFileType = wrapper.cfbundle; includeInIndex = 0; path = HelloTestUITests.xctest; sourceTree = BUILT_PRODUCTS_DIR; };
		AFF625FF221AD1A900B427E2 /* HelloTestUITests.swift */ = {isa = PBXFileReference; lastKnownFileType = sourcecode.swift; path = HelloTestUITests.swift; sourceTree = "<group>"; };
		AFF62601221AD1A900B427E2 /* Info.plist */ = {isa = PBXFileReference; lastKnownFileType = text.plist.xml; path = Info.plist; sourceTree = "<group>"; };
/* End PBXFileReference section */

/* Begin PBXFrameworksBuildPhase section */
		AFF625D9221AD1A800B427E2 /* Frameworks */ = {
			isa = PBXFrameworksBuildPhase;
			buildActionMask = 2147483647;
			files = (
			);
			runOnlyForDeploymentPostprocessing = 0;
		};
		AFF625ED221AD1A900B427E2 /* Frameworks */ = {
			isa = PBXFrameworksBuildPhase;
			buildActionMask = 2147483647;
			files = (
			);
			runOnlyForDeploymentPostprocessing = 0;
		};
		AFF625F8221AD1A900B427E2 /* Frameworks */ = {
			isa = PBXFrameworksBuildPhase;
			buildActionMask = 2147483647;
			files = (
			);
			runOnlyForDeploymentPostprocessing = 0;
		};
/* End PBXFrameworksBuildPhase section */

/* Begin PBXGroup section */
		AFF625D3221AD1A800B427E2 = {
			isa = PBXGroup;
			children = (
				AFF625DE221AD1A800B427E2 /* HelloTest */,
				AFF625F3221AD1A900B427E2 /* HelloTestTests */,
				AFF625FE221AD1A900B427E2 /* HelloTestUITests */,
				AFF625DD221AD1A800B427E2 /* Products */,
			);
			sourceTree = "<group>";
		};
		AFF625DD221AD1A800B427E2 /* Products */ = {
			isa = PBXGroup;
			children = (
				AFF625DC221AD1A800B427E2 /* HelloTest.app */,
				AFF625F0221AD1A900B427E2 /* HelloTestTests.xctest */,
				AFF625FB221AD1A900B427E2 /* HelloTestUITests.xctest */,
			);
			name = Products;
			sourceTree = "<group>";
		};
		AFF625DE221AD1A800B427E2 /* HelloTest */ = {
			isa = PBXGroup;
			children = (
				AFF625DF221AD1A800B427E2 /* AppDelegate.swift */,
				AFF625E1221AD1A800B427E2 /* ViewController.swift */,
				AFF625E3221AD1A800B427E2 /* Main.storyboard */,
				AFF625E6221AD1A900B427E2 /* Assets.xcassets */,
				AFF625E8221AD1A900B427E2 /* LaunchScreen.storyboard */,
				AFF625EB221AD1A900B427E2 /* Info.plist */,
			);
			path = HelloTest;
			sourceTree = "<group>";
		};
		AFF625F3221AD1A900B427E2 /* HelloTestTests */ = {
			isa = PBXGroup;
			children = (
				AFF625F4221AD1A900B427E2 /* HelloTestTests.swift */,
				AFF625F6221AD1A900B427E2 /* Info.plist */,
			);
			path = HelloTestTests;
			sourceTree = "<group>";
		};
		AFF625FE221AD1A900B427E2 /* HelloTestUITests */ = {
			isa = PBXGroup;
			children = (
				AFF625FF221AD1A900B427E2 /* HelloTestUITests.swift */,
				AFF62601221AD1A900B427E2 /* Info.plist */,
			);
			path = HelloTestUITests;
			sourceTree = "<group>";
		};
/* End PBXGroup section */

/* Begin PBXNativeTarget section */
		AFF625DB221AD1A800B427E2 /* HelloTest */ = {
			isa = PBXNativeTarget;
			buildConfigurationList = AFF62604221AD1A900B427E2 /* Build configuration list for PBXNativeTarget "HelloTest" */;
			buildPhases = (
				AFF625D8221AD1A800B427E2 /* Sources */,
				AFF625D9221AD1A800B427E2 /* Frameworks */,
				AFF625DA221AD1A800B427E2 /* Resources */,
			);
			buildRules = (
			);
			dependencies = (
			);
			name = HelloTest;
			productName = HelloTest;
			productReference = AFF625DC221AD1A800B427E2 /* HelloTest.app */;
			productType = "com.apple.product-type.application";
		};
		AFF625EF221AD1A900B427E2 /* HelloTestTests */ = {
			isa = PBXNativeTarget;
			buildConfigurationList = AFF62607221AD1A900B427E2 /* Build configuration list for PBXNativeTarget "HelloTestTests" */;
			buildPhases = (
				AFF625EC221AD1A900B427E2 /* Sources */,
				AFF625ED221AD1A900B427E2 /* Frameworks */,
				AFF625EE221AD1A900B427E2 /* Resources */,
			);
			buildRules = (
			);
			dependencies = (
				AFF625F2221AD1A900B427E2 /* PBXTargetDependency */,
			);
			name = HelloTestTests;
			productName = HelloTestTests;
			productReference = AFF625F0221AD1A900B427E2 /* HelloTestTests.xctest */;
			productType = "com.apple.product-type.bundle.unit-test";
		};
		AFF625FA221AD1A900B427E2 /* HelloTestUITests */ = {
			isa = PBXNativeTarget;
			buildConfigurationList = AFF6260A221AD1A900B427E2 /* Build configuration list for PBXNativeTarget "HelloTestUITests" */;
			buildPhases = (
				AFF625F7221AD1A900B427E2 /* Sources */,
				AFF625F8221AD1A900B427E2 /* Frameworks */,
				AFF625F9221AD1A900B427E2 /* Resources */,
			);
			buildRules = (
			);
			dependencies = (
				AFF625FD221AD1A900B427E2 /* PBXTargetDependency */,
			);
			name = HelloTestUITests;
			productName = HelloTestUITests;
			productReference = AFF625FB221AD1A900B427E2 /* HelloTestUITests.xctest */;
			productType = "com.apple.product-type.bundle.ui-testing";
		};
/* End PBXNativeTarget section */

/* Begin PBXProject section */
		AFF625D4221AD1A800B427E2 /* Project object */ = {
			isa = PBXProject;
			attributes = {
				LastSwiftUpdateCheck = 1010;
				LastUpgradeCheck = 1010;
				ORGANIZATIONNAME = "Renu Jeyaprakash";
				TargetAttributes = {
					AFF625DB221AD1A800B427E2 = {
						CreatedOnToolsVersion = 10.1;
					};
					AFF625EF221AD1A900B427E2 = {
						CreatedOnToolsVersion = 10.1;
						TestTargetID = AFF625DB221AD1A800B427E2;
					};
					AFF625FA221AD1A900B427E2 = {
						CreatedOnToolsVersion = 10.1;
						TestTargetID = AFF625DB221AD1A800B427E2;
					};
				};
			};
			buildConfigurationList = AFF625D7221AD1A800B427E2 /* Build configuration list for PBXProject "HelloTest" */;
			compatibilityVersion = "Xcode 9.3";
			developmentRegion = en;
			hasScannedForEncodings = 0;
			knownRegions = (
				en,
				Base,
			);
			mainGroup = AFF625D3221AD1A800B427E2;
			productRefGroup = AFF625DD221AD1A800B427E2 /* Products */;
			projectDirPath = "";
			projectRoot = "";
			targets = (
				AFF625DB221AD1A800B427E2 /* HelloTest */,
				AFF625EF221AD1A900B427E2 /* HelloTestTests */,
				AFF625FA221AD1A900B427E2 /* HelloTestUITests */,
			);
		};
/* End PBXProject section */

/* Begin PBXResourcesBuildPhase section */
		AFF625DA221AD1A800B427E2 /* Resources */ = {
			isa = PBXResourcesBuildPhase;
			buildActionMask = 2147483647;
			files = (
				AFF625EA221AD1A900B427E2 /* LaunchScreen.storyboard in Resources */,
				AFF625E7221AD1A900B427E2 /* Assets.xcassets in Resources */,
				AFF625E5221AD1A800B427E2 /* Main.storyboard in Resources */,
			);
			runOnlyForDeploymentPostprocessing = 0;
		};
		AFF625EE221AD1A900B427E2 /* Resources */ = {
			isa = PBXResourcesBuildPhase;
			buildActionMask = 2147483647;
			files = (
			);
			runOnlyForDeploymentPostprocessing = 0;
		};
		AFF625F9221AD1A900B427E2 /* Resources */ = {
			isa = PBXResourcesBuildPhase;
			buildActionMask = 2147483647;
			files = (
			);
			runOnlyForDeploymentPostprocessing = 0;
		};
/* End PBXResourcesBuildPhase section */

/* Begin PBXSourcesBuildPhase section */
		AFF625D8221AD1A800B427E2 /* Sources */ = {
			isa = PBXSourcesBuildPhase;
			buildActionMask = 2147483647;
			files = (
				AFF625E2221AD1A800B427E2 /* ViewController.swift in Sources */,
				AFF625E0221AD1A800B427E2 /* AppDelegate.swift in Sources */,
			);
			runOnlyForDeploymentPostprocessing = 0;
		};
		AFF625EC221AD1A900B427E2 /* Sources */ = {
			isa = PBXSourcesBuildPhase;
			buildActionMask = 2147483647;
			files = (
				AFF625F5221AD1A900B427E2 /* HelloTestTests.swift in Sources */,
			);
			runOnlyForDeploymentPostprocessing = 0;
		};
		AFF625F7221AD1A900B427E2 /* Sources */ = {
			isa = PBXSourcesBuildPhase;
			buildActionMask = 2147483647;
			files = (
				AFF62600221AD1A900B427E2 /* HelloTestUITests.swift in Sources */,
			);
			runOnlyForDeploymentPostprocessing = 0;
		};
/* End PBXSourcesBuildPhase section */

/* Begin PBXTargetDependency section */
		AFF625F2221AD1A900B427E2 /* PBXTargetDependency */ = {
			isa = PBXTargetDependency;
			target = AFF625DB221AD1A800B427E2 /* HelloTest */;
			targetProxy = AFF625F1221AD1A900B427E2 /* PBXContainerItemProxy */;
		};
		AFF625FD221AD1A900B427E2 /* PBXTargetDependency */ = {
			isa = PBXTargetDependency;
			target = AFF625DB221AD1A800B427E2 /* HelloTest */;
			targetProxy = AFF625FC221AD1A900B427E2 /* PBXContainerItemProxy */;
		};
/* End PBXTargetDependency section */

/* Begin PBXVariantGroup section */
		AFF625E3221AD1A800B427E2 /* Main.storyboard */ = {
			isa = PBXVariantGroup;
			children = (
				AFF625E4221AD1A800B427E2 /* Base */,
			);
			name = Main.storyboard;
			sourceTree = "<group>";
		};
		AFF625E8221AD1A900B427E2 /* LaunchScreen.storyboard */ = {
			isa = PBXVariantGroup;
			children = (
				AFF625E9221AD1A900B427E2 /* Base */,
			);
			name = LaunchScreen.storyboard;
			sourceTree = "<group>";
		};
/* End PBXVariantGroup section */

/* Begin XCBuildConfiguration section */
		AFF62602221AD1A900B427E2 /* Debug */ = {
			isa = XCBuildConfiguration;
			buildSettings = {
				ALWAYS_SEARCH_USER_PATHS = NO;
				CLANG_ANALYZER_NONNULL = YES;
				CLANG_ANALYZER_NUMBER_OBJECT_CONVERSION = YES_AGGRESSIVE;
				CLANG_CXX_LANGUAGE_STANDARD = "gnu++14";
				CLANG_CXX_LIBRARY = "libc++";
				CLANG_ENABLE_MODULES = YES;
				CLANG_ENABLE_OBJC_ARC = YES;
				CLANG_ENABLE_OBJC_WEAK = YES;
				CLANG_WARN_BLOCK_CAPTURE_AUTORELEASING = YES;
				CLANG_WARN_BOOL_CONVERSION = YES;
				CLANG_WARN_COMMA = YES;
				CLANG_WARN_CONSTANT_CONVERSION = YES;
				CLANG_WARN_DEPRECATED_OBJC_IMPLEMENTATIONS = YES;
				CLANG_WARN_DIRECT_OBJC_ISA_USAGE = YES_ERROR;
				CLANG_WARN_DOCUMENTATION_COMMENTS = YES;
				CLANG_WARN_EMPTY_BODY = YES;
				CLANG_WARN_ENUM_CONVERSION = YES;
				CLANG_WARN_INFINITE_RECURSION = YES;
				CLANG_WARN_INT_CONVERSION = YES;
				CLANG_WARN_NON_LITERAL_NULL_CONVERSION = YES;
				CLANG_WARN_OBJC_IMPLICIT_RETAIN_SELF = YES;
				CLANG_WARN_OBJC_LITERAL_CONVERSION = YES;
				CLANG_WARN_OBJC_ROOT_CLASS = YES_ERROR;
				CLANG_WARN_RANGE_LOOP_ANALYSIS = YES;
				CLANG_WARN_STRICT_PROTOTYPES = YES;
				CLANG_WARN_SUSPICIOUS_MOVE = YES;
				CLANG_WARN_UNGUARDED_AVAILABILITY = YES_AGGRESSIVE;
				CLANG_WARN_UNREACHABLE_CODE = YES;
				CLANG_WARN__DUPLICATE_METHOD_MATCH = YES;
				CODE_SIGN_IDENTITY = "iPhone Developer";
				COPY_PHASE_STRIP = NO;
				DEBUG_INFORMATION_FORMAT = dwarf;
				ENABLE_STRICT_OBJC_MSGSEND = YES;
				ENABLE_TESTABILITY = YES;
				GCC_C_LANGUAGE_STANDARD = gnu11;
				GCC_DYNAMIC_NO_PIC = NO;
				GCC_NO_COMMON_BLOCKS = YES;
				GCC_OPTIMIZATION_LEVEL = 0;
				GCC_PREPROCESSOR_DEFINITIONS = (
					"DEBUG=1",
					"$(inherited)",
				);
				GCC_WARN_64_TO_32_BIT_CONVERSION = YES;
				GCC_WARN_ABOUT_RETURN_TYPE = YES_ERROR;
				GCC_WARN_UNDECLARED_SELECTOR = YES;
				GCC_WARN_UNINITIALIZED_AUTOS = YES_AGGRESSIVE;
				GCC_WARN_UNUSED_FUNCTION = YES;
				GCC_WARN_UNUSED_VARIABLE = YES;
				IPHONEOS_DEPLOYMENT_TARGET = 12.1;
				MTL_ENABLE_DEBUG_INFO = INCLUDE_SOURCE;
				MTL_FAST_MATH = YES;
				ONLY_ACTIVE_ARCH = YES;
				SDKROOT = iphoneos;
				SWIFT_ACTIVE_COMPILATION_CONDITIONS = DEBUG;
				SWIFT_OPTIMIZATION_LEVEL = "-Onone";
			};
			name = Debug;
		};
		AFF62603221AD1A900B427E2 /* Release */ = {
			isa = XCBuildConfiguration;
			buildSettings = {
				ALWAYS_SEARCH_USER_PATHS = NO;
				CLANG_ANALYZER_NONNULL = YES;
				CLANG_ANALYZER_NUMBER_OBJECT_CONVERSION = YES_AGGRESSIVE;
				CLANG_CXX_LANGUAGE_STANDARD = "gnu++14";
				CLANG_CXX_LIBRARY = "libc++";
				CLANG_ENABLE_MODULES = YES;
				CLANG_ENABLE_OBJC_ARC = YES;
				CLANG_ENABLE_OBJC_WEAK = YES;
				CLANG_WARN_BLOCK_CAPTURE_AUTORELEASING = YES;
				CLANG_WARN_BOOL_CONVERSION = YES;
				CLANG_WARN_COMMA = YES;
				CLANG_WARN_CONSTANT_CONVERSION = YES;
				CLANG_WARN_DEPRECATED_OBJC_IMPLEMENTATIONS = YES;
				CLANG_WARN_DIRECT_OBJC_ISA_USAGE = YES_ERROR;
				CLANG_WARN_DOCUMENTATION_COMMENTS = YES;
				CLANG_WARN_EMPTY_BODY = YES;
				CLANG_WARN_ENUM_CONVERSION = YES;
				CLANG_WARN_INFINITE_RECURSION = YES;
				CLANG_WARN_INT_CONVERSION = YES;
				CLANG_WARN_NON_LITERAL_NULL_CONVERSION = YES;
				CLANG_WARN_OBJC_IMPLICIT_RETAIN_SELF = YES;
				CLANG_WARN_OBJC_LITERAL_CONVERSION = YES;
				CLANG_WARN_OBJC_ROOT_CLASS = YES_ERROR;
				CLANG_WARN_RANGE_LOOP_ANALYSIS = YES;
				CLANG_WARN_STRICT_PROTOTYPES = YES;
				CLANG_WARN_SUSPICIOUS_MOVE = YES;
				CLANG_WARN_UNGUARDED_AVAILABILITY = YES_AGGRESSIVE;
				CLANG_WARN_UNREACHABLE_CODE = YES;
				CLANG_WARN__DUPLICATE_METHOD_MATCH = YES;
				CODE_SIGN_IDENTITY = "iPhone Developer";
				COPY_PHASE_STRIP = NO;
				DEBUG_INFORMATION_FORMAT = "dwarf-with-dsym";
				ENABLE_NS_ASSERTIONS = NO;
				ENABLE_STRICT_OBJC_MSGSEND = YES;
				GCC_C_LANGUAGE_STANDARD = gnu11;
				GCC_NO_COMMON_BLOCKS = YES;
				GCC_WARN_64_TO_32_BIT_CONVERSION = YES;
				GCC_WARN_ABOUT_RETURN_TYPE = YES_ERROR;
				GCC_WARN_UNDECLARED_SELECTOR = YES;
				GCC_WARN_UNINITIALIZED_AUTOS = YES_AGGRESSIVE;
				GCC_WARN_UNUSED_FUNCTION = YES;
				GCC_WARN_UNUSED_VARIABLE = YES;
				IPHONEOS_DEPLOYMENT_TARGET = 12.1;
				MTL_ENABLE_DEBUG_INFO = NO;
				MTL_FAST_MATH = YES;
				SDKROOT = iphoneos;
				SWIFT_COMPILATION_MODE = wholemodule;
				SWIFT_OPTIMIZATION_LEVEL = "-O";
				VALIDATE_PRODUCT = YES;
			};
			name = Release;
		};
		AFF62605221AD1A900B427E2 /* Debug */ = {
			isa = XCBuildConfiguration;
			buildSettings = {
				ASSETCATALOG_COMPILER_APPICON_NAME = AppIcon;
				CODE_SIGN_IDENTITY = "iPhone Distribution";
				CODE_SIGN_STYLE = Manual;
				DEVELOPMENT_TEAM = LSVVD8ZPH6;
				INFOPLIST_FILE = HelloTest/Info.plist;
				LD_RUNPATH_SEARCH_PATHS = (
					"$(inherited)",
					"@executable_path/Frameworks",
				);
				PRODUCT_BUNDLE_IDENTIFIER = com.cognizantmobilityenterprise.ios.HelloTest;
				PRODUCT_NAME = "$(TARGET_NAME)";
				PROVISIONING_PROFILE_SPECIFIER = CognizantEnterpriseMobility;
				SWIFT_VERSION = 4.2;
				TARGETED_DEVICE_FAMILY = "1,2";
			};
			name = Debug;
		};
		AFF62606221AD1A900B427E2 /* Release */ = {
			isa = XCBuildConfiguration;
			buildSettings = {
				ASSETCATALOG_COMPILER_APPICON_NAME = AppIcon;
				CODE_SIGN_IDENTITY = "iPhone Distribution";
				CODE_SIGN_STYLE = Manual;
				DEVELOPMENT_TEAM = LSVVD8ZPH6;
				INFOPLIST_FILE = HelloTest/Info.plist;
				LD_RUNPATH_SEARCH_PATHS = (
					"$(inherited)",
					"@executable_path/Frameworks",
				);
				PRODUCT_BUNDLE_IDENTIFIER = com.cognizantmobilityenterprise.ios.HelloTest;
				PRODUCT_NAME = "$(TARGET_NAME)";
				PROVISIONING_PROFILE_SPECIFIER = CognizantEnterpriseMobility;
				SWIFT_VERSION = 4.2;
				TARGETED_DEVICE_FAMILY = "1,2";
			};
			name = Release;
		};
		AFF62608221AD1A900B427E2 /* Debug */ = {
			isa = XCBuildConfiguration;
			buildSettings = {
				ALWAYS_EMBED_SWIFT_STANDARD_LIBRARIES = YES;
				BUNDLE_LOADER = "$(TEST_HOST)";
				CODE_SIGN_STYLE = Automatic;
				INFOPLIST_FILE = HelloTestTests/Info.plist;
				LD_RUNPATH_SEARCH_PATHS = (
					"$(inherited)",
					"@executable_path/Frameworks",
					"@loader_path/Frameworks",
				);
				PRODUCT_BUNDLE_IDENTIFIER = com.cognizantmobilityenterprise.ios.HelloTestTests;
				PRODUCT_NAME = "$(TARGET_NAME)";
				SWIFT_VERSION = 4.2;
				TARGETED_DEVICE_FAMILY = "1,2";
				TEST_HOST = "$(BUILT_PRODUCTS_DIR)/HelloTest.app/HelloTest";
			};
			name = Debug;
		};
		AFF62609221AD1A900B427E2 /* Release */ = {
			isa = XCBuildConfiguration;
			buildSettings = {
				ALWAYS_EMBED_SWIFT_STANDARD_LIBRARIES = YES;
				BUNDLE_LOADER = "$(TEST_HOST)";
				CODE_SIGN_STYLE = Automatic;
				INFOPLIST_FILE = HelloTestTests/Info.plist;
				LD_RUNPATH_SEARCH_PATHS = (
					"$(inherited)",
					"@executable_path/Frameworks",
					"@loader_path/Frameworks",
				);
				PRODUCT_BUNDLE_IDENTIFIER = com.cognizantmobilityenterprise.ios.HelloTestTests;
				PRODUCT_NAME = "$(TARGET_NAME)";
				SWIFT_VERSION = 4.2;
				TARGETED_DEVICE_FAMILY = "1,2";
				TEST_HOST = "$(BUILT_PRODUCTS_DIR)/HelloTest.app/HelloTest";
			};
			name = Release;
		};
		AFF6260B221AD1A900B427E2 /* Debug */ = {
			isa = XCBuildConfiguration;
			buildSettings = {
				ALWAYS_EMBED_SWIFT_STANDARD_LIBRARIES = YES;
				CODE_SIGN_STYLE = Automatic;
				INFOPLIST_FILE = HelloTestUITests/Info.plist;
				LD_RUNPATH_SEARCH_PATHS = (
					"$(inherited)",
					"@executable_path/Frameworks",
					"@loader_path/Frameworks",
				);
				PRODUCT_BUNDLE_IDENTIFIER = com.cognizantmobilityenterprise.ios.HelloTestUITests;
				PRODUCT_NAME = "$(TARGET_NAME)";
				SWIFT_VERSION = 4.2;
				TARGETED_DEVICE_FAMILY = "1,2";
				TEST_TARGET_NAME = HelloTest;
			};
			name = Debug;
		};
		AFF6260C221AD1A900B427E2 /* Release */ = {
			isa = XCBuildConfiguration;
			buildSettings = {
				ALWAYS_EMBED_SWIFT_STANDARD_LIBRARIES = YES;
				CODE_SIGN_STYLE = Automatic;
				INFOPLIST_FILE = HelloTestUITests/Info.plist;
				LD_RUNPATH_SEARCH_PATHS = (
					"$(inherited)",
					"@executable_path/Frameworks",
					"@loader_path/Frameworks",
				);
				PRODUCT_BUNDLE_IDENTIFIER = com.cognizantmobilityenterprise.ios.HelloTestUITests;
				PRODUCT_NAME = "$(TARGET_NAME)";
				SWIFT_VERSION = 4.2;
				TARGETED_DEVICE_FAMILY = "1,2";
				TEST_TARGET_NAME = HelloTest;
			};
			name = Release;
		};
/* End XCBuildConfiguration section */

/* Begin XCConfigurationList section */
		AFF625D7221AD1A800B427E2 /* Build configuration list for PBXProject "HelloTest" */ = {
			isa = XCConfigurationList;
			buildConfigurations = (
				AFF62602221AD1A900B427E2 /* Debug */,
				AFF62603221AD1A900B427E2 /* Release */,
			);
			defaultConfigurationIsVisible = 0;
			defaultConfigurationName = Release;
		};
		AFF62604221AD1A900B427E2 /* Build configuration list for PBXNativeTarget "HelloTest" */ = {
			isa = XCConfigurationList;
			buildConfigurations = (
				AFF62605221AD1A900B427E2 /* Debug */,
				AFF62606221AD1A900B427E2 /* Release */,
			);
			defaultConfigurationIsVisible = 0;
			defaultConfigurationName = Release;
		};
		AFF62607221AD1A900B427E2 /* Build configuration list for PBXNativeTarget "HelloTestTests" */ = {
			isa = XCConfigurationList;
			buildConfigurations = (
				AFF62608221AD1A900B427E2 /* Debug */,
				AFF62609221AD1A900B427E2 /* Release */,
			);
			defaultConfigurationIsVisible = 0;
			defaultConfigurationName = Release;
		};
		AFF6260A221AD1A900B427E2 /* Build configuration list for PBXNativeTarget "HelloTestUITests" */ = {
			isa = XCConfigurationList;
			buildConfigurations = (
				AFF6260B221AD1A900B427E2 /* Debug */,
				AFF6260C221AD1A900B427E2 /* Release */,
			);
			defaultConfigurationIsVisible = 0;
			defaultConfigurationName = Release;
		};
/* End XCConfigurationList section */
	};
	rootObject = AFF625D4221AD1A800B427E2 /* Project object */;
}
